
Microsoft Visual Studio Solution File, Format Version 12.00
# Visual Studio Version 16
VisualStudioVersion = 16.0.31729.503
MinimumVisualStudioVersion = 10.0.40219.1
Project("{FAE04EC0-301F-11D3-BF4B-00C04F79EFBC}") = "DrugaIgra", "DrugaIgra.csproj", "{D115CB1E-25F8-430A-9F1C-ADAB3894697B}"
EndProject
Global
	GlobalSection(SolutionConfigurationPlatforms) = preSolution
		Debug|Any CPU = Debug|Any CPU
		Release|Any CPU = Release|Any CPU
	EndGlobalSection
	GlobalSection(ProjectConfigurationPlatforms) = postSolution
		{D115CB1E-25F8-430A-9F1C-ADAB3894697B}.Debug|Any CPU.ActiveCfg = Debug|Any CPU
		{D115CB1E-25F8-430A-9F1C-ADAB3894697B}.Debug|Any CPU.Build.0 = Debug|Any CPU
		{D115CB1E-25F8-430A-9F1C-ADAB3894697B}.Release|Any CPU.ActiveCfg = Release|Any CPU
		{D115CB1E-25F8-430A-9F1C-ADAB3894697B}.Release|Any CPU.Build.0 = Release|Any CPU
	EndGlobalSection
	GlobalSection(SolutionProperties) = preSolution
		HideSolutionNode = FALSE
	EndGlobalSection
	GlobalSection(ExtensibilityGlobals) = postSolution
		SolutionGuid = {658AE67B-5EA3-47FE-A6BD-6AA919C67736}
	EndGlobalSection
EndGlobal
